
Microsoft Visual Studio Solution File, Format Version 12.00
# Visual Studio Version 16
VisualStudioVersion = 16.0.31624.102
MinimumVisualStudioVersion = 10.0.40219.1
Project("{9A19103F-16F7-4668-BE54-9A1E7A4F7556}") = "WebProje", "WebProje\WebProje.csproj", "{7CCE7F00-7C60-4F41-95CF-A31D826ADA82}"
EndProject
Global
	GlobalSection(SolutionConfigurationPlatforms) = preSolution
		Debug|Any CPU = Debug|Any CPU
		Release|Any CPU = Release|Any CPU
	EndGlobalSection
	GlobalSection(ProjectConfigurationPlatforms) = postSolution
		{7CCE7F00-7C60-4F41-95CF-A31D826ADA82}.Debug|Any CPU.ActiveCfg = Debug|Any CPU
		{7CCE7F00-7C60-4F41-95CF-A31D826ADA82}.Debug|Any CPU.Build.0 = Debug|Any CPU
		{7CCE7F00-7C60-4F41-95CF-A31D826ADA82}.Release|Any CPU.ActiveCfg = Release|Any CPU
		{7CCE7F00-7C60-4F41-95CF-A31D826ADA82}.Release|Any CPU.Build.0 = Release|Any CPU
	EndGlobalSection
	GlobalSection(SolutionProperties) = preSolution
		HideSolutionNode = FALSE
	EndGlobalSection
	GlobalSection(ExtensibilityGlobals) = postSolution
		SolutionGuid = {FEC6B83C-5672-4638-9465-85D97015F3DC}
	EndGlobalSection
EndGlobal
